
Microsoft Visual Studio Solution File, Format Version 12.00
# Visual Studio Version 17
VisualStudioVersion = 17.8.34525.116
MinimumVisualStudioVersion = 10.0.40219.1
Project("{FAE04EC0-301F-11D3-BF4B-00C04F79EFBC}") = "Contract Monthly Claim System", "Contract Monthly Claim System\Contract Monthly Claim System.csproj", "{66C1A11F-F214-481B-823A-26FD47EAB356}"
EndProject
Global
	GlobalSection(SolutionConfigurationPlatforms) = preSolution
		Debug|Any CPU = Debug|Any CPU
		Release|Any CPU = Release|Any CPU
	EndGlobalSection
	GlobalSection(ProjectConfigurationPlatforms) = postSolution
		{66C1A11F-F214-481B-823A-26FD47EAB356}.Debug|Any CPU.ActiveCfg = Debug|Any CPU
		{66C1A11F-F214-481B-823A-26FD47EAB356}.Debug|Any CPU.Build.0 = Debug|Any CPU
		{66C1A11F-F214-481B-823A-26FD47EAB356}.Release|Any CPU.ActiveCfg = Release|Any CPU
		{66C1A11F-F214-481B-823A-26FD47EAB356}.Release|Any CPU.Build.0 = Release|Any CPU
	EndGlobalSection
	GlobalSection(SolutionProperties) = preSolution
		HideSolutionNode = FALSE
	EndGlobalSection
	GlobalSection(ExtensibilityGlobals) = postSolution
		SolutionGuid = {7C1807F7-6DF6-4CEA-8488-0705E5CFB8C6}
	EndGlobalSection
EndGlobal
